
Microsoft Visual Studio Solution File, Format Version 11.00
# Visual Studio 2010
Project("{FAE04EC0-301F-11D3-BF4B-00C04F79EFBC}") = "MedAgent 0.1", "MedAgent 0.1\MedAgent 0.1.csproj", "{33c8405b-9b1d-4c26-bf20-019bd3223b3a}"
EndProject
Global
	GlobalSection(SolutionConfigurationPlatforms) = preSolution
		Debug|Any CPU = Debug|Any CPU
		Release|Any CPU = Release|Any CPU
	EndGlobalSection
	GlobalSection(ProjectConfigurationPlatforms) = postSolution
		{33C8405B-9B1D-4C26-BF20-019BD3223B3A}.Debug|Any CPU.ActiveCfg = Debug|Any CPU
		{33C8405B-9B1D-4C26-BF20-019BD3223B3A}.Debug|Any CPU.Build.0 = Debug|Any CPU
		{33C8405B-9B1D-4C26-BF20-019BD3223B3A}.Debug|Any CPU.Deploy.0 = Debug|Any CPU
		{33C8405B-9B1D-4C26-BF20-019BD3223B3A}.Release|Any CPU.ActiveCfg = Release|Any CPU
		{33C8405B-9B1D-4C26-BF20-019BD3223B3A}.Release|Any CPU.Build.0 = Release|Any CPU
		{33C8405B-9B1D-4C26-BF20-019BD3223B3A}.Release|Any CPU.Deploy.0 = Release|Any CPU
	EndGlobalSection
EndGlobal
